[{<<"base32">>,
  {git,"https://github.com/aetrion/base32_erlang.git",
       {ref,"40431a7480176b24863e18b92d9872e54c714df5"}},
  1},
 {<<"bear">>,{pkg,<<"bear">>,<<"0.8.3">>},1},
 {<<"dns">>,
  {git,"git://github.com/aetrion/dns_erlang.git",
       {ref,"674603aec44a2f3fda1f42dd93d1c1368ac319ca"}},
  0},
 {<<"folsom">>,{pkg,<<"folsom">>,<<"0.8.3">>},0},
 {<<"goldrush">>,{pkg,<<"goldrush">>,<<"0.1.7">>},1},
 {<<"jsx">>,{pkg,<<"jsx">>,<<"2.8.0">>},0},
 {<<"lager">>,{pkg,<<"lager">>,<<"3.0.2">>},0},
 {<<"poolboy">>,{pkg,<<"poolboy">>,<<"1.5.1">>},0}].
