{"1.2.0",
[{<<"base32">>,{pkg,<<"base32">>,<<"1.0.0">>},1},
 {<<"cowboy">>,{pkg,<<"cowboy">>,<<"2.18.0">>},0},
 {<<"cowlib">>,{pkg,<<"cowlib">>,<<"2.19.0">>},1},
 {<<"dns_erlang">>,{pkg,<<"dns_erlang">>,<<"5.0.17">>},0},
 {<<"ranch">>,{pkg,<<"ranch">>,<<"2.2.1">>},0},
 {<<"recon">>,{pkg,<<"recon">>,<<"2.5.6">>},0},
 {<<"segmented_cache">>,{pkg,<<"segmented_cache">>,<<"0.6.0">>},0},
 {<<"telemetry">>,{pkg,<<"telemetry">>,<<"1.4.2">>},0},
 {<<"worker_pool">>,{pkg,<<"worker_pool">>,<<"6.5.3">>},0}]}.
[
{pkg_hash,[
 {<<"base32">>, <<"1AB331F812FCC254C8F7D4348E1E5A6F2B9B32B7A260BF2BC3358E3BF14C841A">>},
 {<<"cowboy">>, <<"BFF388EB4D6356CB3F88C26E65B515976BF04B401B805D31550C3E60EBA8FE18">>},
 {<<"cowlib">>, <<"C9D11C9D035472E27A740C9F327786C61ED209269B4BE0260D59D3EC07B8949F">>},
 {<<"dns_erlang">>, <<"E03383011D3183840E381495E41342DECD55E0B26731EF78E9E39CD945BFB440">>},
 {<<"ranch">>, <<"FC2BB0E800EFBEAB8FF82EB325450B9C08653B14C3F69E8B09BBEA304973105D">>},
 {<<"recon">>, <<"9052588E83BFEDFD9B72E1034532AEE2A5369D9D9343B61AEB7FBCE761010741">>},
 {<<"segmented_cache">>, <<"C1F2897C49472663AAA4D56D9A154BC7A3F380E88D22C789A491A33AA41F3FBA">>},
 {<<"telemetry">>, <<"A0CB522801DFFB1C49FE6E30561BADFFC7B6D0E180DB1300DF759FAA22062855">>},
 {<<"worker_pool">>, <<"C73849E313896FF6329B15DBAA0C432439BB22E0AC5228CF898915925ECEDBB8">>}]},
{pkg_hash_ext,[
 {<<"base32">>, <<"0449285348ED0C4CD83C7198E76C5FD5A0451C4EF18695B9FD43792A503E551A">>},
 {<<"cowboy">>, <<"62D0B26ABCF455054972B0DA242389C69D5982CE5914AFB8C344517F667B9600">>},
 {<<"cowlib">>, <<"6DC66E3135B229193EA4DCB14294E79520C923D391315C9C962EF0B4BEA72356">>},
 {<<"dns_erlang">>, <<"58D0848A4E358A35C338578669638C47613574E8EA3E6294323362ADD00B1082">>},
 {<<"ranch">>, <<"55F05CCE20EC2DA1D90DE5D5981AFB93DBFC01325FC7E933189AA5C62F037C24">>},
 {<<"recon">>, <<"96C6799792D735CC0F0FD0F86267E9D351E63339CBE03DF9D162010CEFC26BB0">>},
 {<<"segmented_cache">>, <<"1054EF672A9547D0755C949A29099A6C6E0D5A91052BE5F841296298860BC4D4">>},
 {<<"telemetry">>, <<"928F6495066506077862C0D1646609EED891A4326BEE3126BA54B60AF61FEBB1">>},
 {<<"worker_pool">>, <<"BE6D63225C4BB538FBDDBAC38947C5DEF51B14FBF90B13CD9CF0C3349484FB73">>}]}
].
